Microsoft Visual Studio Solution File, Format Version 11.00
# Visual Studio 2008

Project("{A1053B26-0396-B71B-2D13-91B05B07AF19}") = "Temp1_Assets.zip", "Assembly-CSharp.csproj", "{46755E6F-F4A0-C01C-498C-0C6194C80706}"
EndProject
Global
	GlobalSection(SolutionConfigurationPlatforms) = preSolution
		Debug|Any CPU = Debug|Any CPU
		Release|Any CPU = Release|Any CPU
	EndGlobalSection
	GlobalSection(ProjectConfigurationPlatforms) = postSolution
		{46755E6F-F4A0-C01C-498C-0C6194C80706}.Debug|Any CPU.ActiveCfg = Debug|Any CPU
		{46755E6F-F4A0-C01C-498C-0C6194C80706}.Debug|Any CPU.Build.0 = Debug|Any CPU
		{46755E6F-F4A0-C01C-498C-0C6194C80706}.Release|Any CPU.ActiveCfg = Release|Any CPU
		{46755E6F-F4A0-C01C-498C-0C6194C80706}.Release|Any CPU.Build.0 = Release|Any CPU
	EndGlobalSection
	GlobalSection(SolutionProperties) = preSolution
		HideSolutionNode = FALSE
	EndGlobalSection
	GlobalSection(MonoDevelopProperties) = preSolution
		StartupItem = Assembly-CSharp.csproj
	EndGlobalSection
EndGlobal
